# This file is autogenerated, do not edit; changes may be undone by the next 'dep ensure'.


[[projects]]
  branch = "master"
  name = "golang.org/x/net"
  packages = ["html","html/atom"]
  revision = "d866cfc389cec985d6fda2859936a575a55a3ab6"

[solve-meta]
  analyzer-name = "dep"
  analyzer-version = 1
  inputs-digest = "fff2f8f4ad76f99affe4177ac5360a9ccee72ec30b8b16539b00a29391d53b05"
  solver-name = "gps-cdcl"
  solver-version = 1
